Microsoft Visual Studio Solution File, Format Version 12.00
# Visual Studio Version 17
VisualStudioVersion = 17.5.2.0
MinimumVisualStudioVersion = 10.0.40219.1
Project("{FAE04EC0-301F-11D3-BF4B-00C04F79EFBC}") = "Point_of_Sale_System.Server", "Point_of_Sale_System.Server.csproj", "{FA693038-37E5-2E56-AF22-2AABFCEEDDEE}"
EndProject
Global
	GlobalSection(SolutionConfigurationPlatforms) = preSolution
		Debug|Any CPU = Debug|Any CPU
		Release|Any CPU = Release|Any CPU
	EndGlobalSection
	GlobalSection(ProjectConfigurationPlatforms) = postSolution
		{FA693038-37E5-2E56-AF22-2AABFCEEDDEE}.Debug|Any CPU.ActiveCfg = Debug|Any CPU
		{FA693038-37E5-2E56-AF22-2AABFCEEDDEE}.Debug|Any CPU.Build.0 = Debug|Any CPU
		{FA693038-37E5-2E56-AF22-2AABFCEEDDEE}.Release|Any CPU.ActiveCfg = Release|Any CPU
		{FA693038-37E5-2E56-AF22-2AABFCEEDDEE}.Release|Any CPU.Build.0 = Release|Any CPU
	EndGlobalSection
	GlobalSection(SolutionProperties) = preSolution
		HideSolutionNode = FALSE
	EndGlobalSection
	GlobalSection(ExtensibilityGlobals) = postSolution
		SolutionGuid = {1DB806E7-7ED6-41BB-91F1-95A58ACC5B8C}
	EndGlobalSection
EndGlobal
